// !$*UTF8*$!
{
	archiveVersion = 1;
	classes = {
	};
	objectVersion = 46;
	objects = {

/* Begin PBXBuildFile section */
		96A48BA2F20724DDF538F062 /* Pods_Accent.framework in Frameworks */ = {isa = PBXBuildFile; fileRef = D5411D28F3F6A3FD409CD6F0 /* Pods_Accent.framework */; };
		D13AF45B1DB55ADC003EDA01 /* AppDelegate.swift in Sources */ = {isa = PBXBuildFile; fileRef = D13AF45A1DB55ADC003EDA01 /* AppDelegate.swift */; };
		D13AF45D1DB55ADC003EDA01 /* SpeechViewController.swift in Sources */ = {isa = PBXBuildFile; fileRef = D13AF45C1DB55ADC003EDA01 /* SpeechViewController.swift */; };
		D13AF4601DB55ADC003EDA01 /* Main.storyboard in Resources */ = {isa = PBXBuildFile; fileRef = D13AF45E1DB55ADC003EDA01 /* Main.storyboard */; };
		D13AF4621DB55ADC003EDA01 /* Assets.xcassets in Resources */ = {isa = PBXBuildFile; fileRef = D13AF4611DB55ADC003EDA01 /* Assets.xcassets */; };
		D13AF4651DB55ADC003EDA01 /* LaunchScreen.storyboard in Resources */ = {isa = PBXBuildFile; fileRef = D13AF4631DB55ADC003EDA01 /* LaunchScreen.storyboard */; };
/* End PBXBuildFile section */

/* Begin PBXFileReference section */
		2A13E628E7A25F5110DAA99D /* Pods-Accent.release.xcconfig */ = {isa = PBXFileReference; includeInIndex = 1; lastKnownFileType = text.xcconfig; name = "Pods-Accent.release.xcconfig"; path = "Pods/Target Support Files/Pods-Accent/Pods-Accent.release.xcconfig"; sourceTree = "<group>"; };
		D13AF4571DB55ADC003EDA01 /* Accent.app */ = {isa = PBXFileReference; explicitFileType = wrapper.application; includeInIndex = 0; path = Accent.app; sourceTree = BUILT_PRODUCTS_DIR; };
		D13AF45A1DB55ADC003EDA01 /* AppDelegate.swift */ = {isa = PBXFileReference; lastKnownFileType = sourcecode.swift; path = AppDelegate.swift; sourceTree = "<group>"; };
		D13AF45C1DB55ADC003EDA01 /* SpeechViewController.swift */ = {isa = PBXFileReference; lastKnownFileType = sourcecode.swift; path = SpeechViewController.swift; sourceTree = "<group>"; };
		D13AF45F1DB55ADC003EDA01 /* Base */ = {isa = PBXFileReference; lastKnownFileType = file.storyboard; name = Base; path = Base.lproj/Main.storyboard; sourceTree = "<group>"; };
		D13AF4611DB55ADC003EDA01 /* Assets.xcassets */ = {isa = PBXFileReference; lastKnownFileType = folder.assetcatalog; path = Assets.xcassets; sourceTree = "<group>"; };
		D13AF4641DB55ADC003EDA01 /* Base */ = {isa = PBXFileReference; lastKnownFileType = file.storyboard; name = Base; path = Base.lproj/LaunchScreen.storyboard; sourceTree = "<group>"; };
		D13AF4661DB55ADC003EDA01 /* Info.plist */ = {isa = PBXFileReference; lastKnownFileType = text.plist.xml; path = Info.plist; sourceTree = "<group>"; };
		D5411D28F3F6A3FD409CD6F0 /* Pods_Accent.framework */ = {isa = PBXFileReference; explicitFileType = wrapper.framework; includeInIndex = 0; path = Pods_Accent.framework; sourceTree = BUILT_PRODUCTS_DIR; };
		FB6845767C2FFFBA82320EBC /* Pods-Accent.debug.xcconfig */ = {isa = PBXFileReference; includeInIndex = 1; lastKnownFileType = text.xcconfig; name = "Pods-Accent.debug.xcconfig"; path = "Pods/Target Support Files/Pods-Accent/Pods-Accent.debug.xcconfig"; sourceTree = "<group>"; };
/* End PBXFileReference section */

/* Begin PBXFrameworksBuildPhase section */
		D13AF4541DB55ADC003EDA01 /* Frameworks */ = {
			isa = PBXFrameworksBuildPhase;
			buildActionMask = 2147483647;
			files = (
				96A48BA2F20724DDF538F062 /* Pods_Accent.framework in Frameworks */,
			);
			runOnlyForDeploymentPostprocessing = 0;
		};
/* End PBXFrameworksBuildPhase section */

/* Begin PBXGroup section */
		548C4D53BD65F5262F52C209 /* Pods */ = {
			isa = PBXGroup;
			children = (
				FB6845767C2FFFBA82320EBC /* Pods-Accent.debug.xcconfig */,
				2A13E628E7A25F5110DAA99D /* Pods-Accent.release.xcconfig */,
			);
			name = Pods;
			sourceTree = "<group>";
		};
		D13AF44E1DB55ADC003EDA01 = {
			isa = PBXGroup;
			children = (
				D13AF4591DB55ADC003EDA01 /* Accent */,
				D13AF4581DB55ADC003EDA01 /* Products */,
				548C4D53BD65F5262F52C209 /* Pods */,
				FC059923D3CEA1CEDB327AA9 /* Frameworks */,
			);
			sourceTree = "<group>";
		};
		D13AF4581DB55ADC003EDA01 /* Products */ = {
			isa = PBXGroup;
			children = (
				D13AF4571DB55ADC003EDA01 /* Accent.app */,
			);
			name = Products;
			sourceTree = "<group>";
		};
		D13AF4591DB55ADC003EDA01 /* Accent */ = {
			isa = PBXGroup;
			children = (
				D13AF45A1DB55ADC003EDA01 /* AppDelegate.swift */,
				D13AF45C1DB55ADC003EDA01 /* SpeechViewController.swift */,
				D13AF45E1DB55ADC003EDA01 /* Main.storyboard */,
				D13AF4611DB55ADC003EDA01 /* Assets.xcassets */,
				D13AF4631DB55ADC003EDA01 /* LaunchScreen.storyboard */,
				D13AF4661DB55ADC003EDA01 /* Info.plist */,
			);
			path = Accent;
			sourceTree = "<group>";
		};
		FC059923D3CEA1CEDB327AA9 /* Frameworks */ = {
			isa = PBXGroup;
			children = (
				D5411D28F3F6A3FD409CD6F0 /* Pods_Accent.framework */,
			);
			name = Frameworks;
			sourceTree = "<group>";
		};
/* End PBXGroup section */

/* Begin PBXNativeTarget section */
		D13AF4561DB55ADC003EDA01 /* Accent */ = {
			isa = PBXNativeTarget;
			buildConfigurationList = D13AF4691DB55ADC003EDA01 /* Build configuration list for PBXNativeTarget "Accent" */;
			buildPhases = (
				624A01BE63371BF2DFFC11C1 /* [CP] Check Pods Manifest.lock */,
				D13AF4531DB55ADC003EDA01 /* Sources */,
				D13AF4541DB55ADC003EDA01 /* Frameworks */,
				D13AF4551DB55ADC003EDA01 /* Resources */,
				B3EAB14771ACFEE1475D2FCD /* [CP] Embed Pods Frameworks */,
				B7D4588F131B6BB3A0935B8A /* [CP] Copy Pods Resources */,
			);
			buildRules = (
			);
			dependencies = (
			);
			name = Accent;
			productName = Accent;
			productReference = D13AF4571DB55ADC003EDA01 /* Accent.app */;
			productType = "com.apple.product-type.application";
		};
/* End PBXNativeTarget section */

/* Begin PBXProject section */
		D13AF44F1DB55ADC003EDA01 /* Project object */ = {
			isa = PBXProject;
			attributes = {
				LastSwiftUpdateCheck = 0800;
				LastUpgradeCheck = 0800;
				ORGANIZATIONNAME = agadberr;
				TargetAttributes = {
					D13AF4561DB55ADC003EDA01 = {
						CreatedOnToolsVersion = 8.0;
						ProvisioningStyle = Automatic;
					};
				};
			};
			buildConfigurationList = D13AF4521DB55ADC003EDA01 /* Build configuration list for PBXProject "Accent" */;
			compatibilityVersion = "Xcode 3.2";
			developmentRegion = English;
			hasScannedForEncodings = 0;
			knownRegions = (
				en,
				Base,
			);
			mainGroup = D13AF44E1DB55ADC003EDA01;
			productRefGroup = D13AF4581DB55ADC003EDA01 /* Products */;
			projectDirPath = "";
			projectRoot = "";
			targets = (
				D13AF4561DB55ADC003EDA01 /* Accent */,
			);
		};
/* End PBXProject section */

/* Begin PBXResourcesBuildPhase section */
		D13AF4551DB55ADC003EDA01 /* Resources */ = {
			isa = PBXResourcesBuildPhase;
			buildActionMask = 2147483647;
			files = (
				D13AF4651DB55ADC003EDA01 /* LaunchScreen.storyboard in Resources */,
				D13AF4621DB55ADC003EDA01 /* Assets.xcassets in Resources */,
				D13AF4601DB55ADC003EDA01 /* Main.storyboard in Resources */,
			);
			runOnlyForDeploymentPostprocessing = 0;
		};
/* End PBXResourcesBuildPhase section */

/* Begin PBXShellScriptBuildPhase section */
		624A01BE63371BF2DFFC11C1 /* [CP] Check Pods Manifest.lock */ = {
			isa = PBXShellScriptBuildPhase;
			buildActionMask = 2147483647;
			files = (
			);
			inputPaths = (
			);
			name = "[CP] Check Pods Manifest.lock";
			outputPaths = (
			);
			runOnlyForDeploymentPostprocessing = 0;
			shellPath = /bin/sh;
			shellScript = "diff \"${PODS_ROOT}/../Podfile.lock\" \"${PODS_ROOT}/Manifest.lock\" > /dev/null\nif [[ $? != 0 ]] ; then\n    cat << EOM\nerror: The sandbox is not in sync with the Podfile.lock. Run 'pod install' or update your CocoaPods installation.\nEOM\n    exit 1\nfi\n";
			showEnvVarsInLog = 0;
		};
		B3EAB14771ACFEE1475D2FCD /* [CP] Embed Pods Frameworks */ = {
			isa = PBXShellScriptBuildPhase;
			buildActionMask = 2147483647;
			files = (
			);
			inputPaths = (
			);
			name = "[CP] Embed Pods Frameworks";
			outputPaths = (
			);
			runOnlyForDeploymentPostprocessing = 0;
			shellPath = /bin/sh;
			shellScript = "\"${SRCROOT}/Pods/Target Support Files/Pods-Accent/Pods-Accent-frameworks.sh\"\n";
			showEnvVarsInLog = 0;
		};
		B7D4588F131B6BB3A0935B8A /* [CP] Copy Pods Resources */ = {
			isa = PBXShellScriptBuildPhase;
			buildActionMask = 2147483647;
			files = (
			);
			inputPaths = (
			);
			name = "[CP] Copy Pods Resources";
			outputPaths = (
			);
			runOnlyForDeploymentPostprocessing = 0;
			shellPath = /bin/sh;
			shellScript = "\"${SRCROOT}/Pods/Target Support Files/Pods-Accent/Pods-Accent-resources.sh\"\n";
			showEnvVarsInLog = 0;
		};
/* End PBXShellScriptBuildPhase section */

/* Begin PBXSourcesBuildPhase section */
		D13AF4531DB55ADC003EDA01 /* Sources */ = {
			isa = PBXSourcesBuildPhase;
			buildActionMask = 2147483647;
			files = (
				D13AF45D1DB55ADC003EDA01 /* SpeechViewController.swift in Sources */,
				D13AF45B1DB55ADC003EDA01 /* AppDelegate.swift in Sources */,
			);
			runOnlyForDeploymentPostprocessing = 0;
		};
/* End PBXSourcesBuildPhase section */

/* Begin PBXVariantGroup section */
		D13AF45E1DB55ADC003EDA01 /* Main.storyboard */ = {
			isa = PBXVariantGroup;
			children = (
				D13AF45F1DB55ADC003EDA01 /* Base */,
			);
			name = Main.storyboard;
			sourceTree = "<group>";
		};
		D13AF4631DB55ADC003EDA01 /* LaunchScreen.storyboard */ = {
			isa = PBXVariantGroup;
			children = (
				D13AF4641DB55ADC003EDA01 /* Base */,
			);
			name = LaunchScreen.storyboard;
			sourceTree = "<group>";
		};
/* End PBXVariantGroup section */

/* Begin XCBuildConfiguration section */
		D13AF4671DB55ADC003EDA01 /* Debug */ = {
			isa = XCBuildConfiguration;
			buildSettings = {
				ALWAYS_SEARCH_USER_PATHS = NO;
				CLANG_ANALYZER_NONNULL = YES;
				CLANG_CXX_LANGUAGE_STANDARD = "gnu++0x";
				CLANG_CXX_LIBRARY = "libc++";
				CLANG_ENABLE_MODULES = YES;
				CLANG_ENABLE_OBJC_ARC = YES;
				CLANG_WARN_BOOL_CONVERSION = YES;
				CLANG_WARN_CONSTANT_CONVERSION = YES;
				CLANG_WARN_DIRECT_OBJC_ISA_USAGE = YES_ERROR;
				CLANG_WARN_DOCUMENTATION_COMMENTS = YES;
				CLANG_WARN_EMPTY_BODY = YES;
				CLANG_WARN_ENUM_CONVERSION = YES;
				CLANG_WARN_INFINITE_RECURSION = YES;
				CLANG_WARN_INT_CONVERSION = YES;
				CLANG_WARN_OBJC_ROOT_CLASS = YES_ERROR;
				CLANG_WARN_SUSPICIOUS_MOVE = YES;
				CLANG_WARN_SUSPICIOUS_MOVES = YES;
				CLANG_WARN_UNREACHABLE_CODE = YES;
				CLANG_WARN__DUPLICATE_METHOD_MATCH = YES;
				"CODE_SIGN_IDENTITY[sdk=iphoneos*]" = "iPhone Developer";
				COPY_PHASE_STRIP = NO;
				DEBUG_INFORMATION_FORMAT = dwarf;
				ENABLE_STRICT_OBJC_MSGSEND = YES;
				ENABLE_TESTABILITY = YES;
				GCC_C_LANGUAGE_STANDARD = gnu99;
				GCC_DYNAMIC_NO_PIC = NO;
				GCC_NO_COMMON_BLOCKS = YES;
				GCC_OPTIMIZATION_LEVEL = 0;
				GCC_PREPROCESSOR_DEFINITIONS = (
					"DEBUG=1",
					"$(inherited)",
				);
				GCC_WARN_64_TO_32_BIT_CONVERSION = YES;
				GCC_WARN_ABOUT_RETURN_TYPE = YES_ERROR;
				GCC_WARN_UNDECLARED_SELECTOR = YES;
				GCC_WARN_UNINITIALIZED_AUTOS = YES_AGGRESSIVE;
				GCC_WARN_UNUSED_FUNCTION = YES;
				GCC_WARN_UNUSED_VARIABLE = YES;
				IPHONEOS_DEPLOYMENT_TARGET = 10.0;
				MTL_ENABLE_DEBUG_INFO = YES;
				ONLY_ACTIVE_ARCH = YES;
				SDKROOT = iphoneos;
				SWIFT_ACTIVE_COMPILATION_CONDITIONS = DEBUG;
				SWIFT_OPTIMIZATION_LEVEL = "-Onone";
				TARGETED_DEVICE_FAMILY = "1,2";
			};
			name = Debug;
		};
		D13AF4681DB55ADC003EDA01 /* Release */ = {
			isa = XCBuildConfiguration;
			buildSettings = {
				ALWAYS_SEARCH_USER_PATHS = NO;
				CLANG_ANALYZER_NONNULL = YES;
				CLANG_CXX_LANGUAGE_STANDARD = "gnu++0x";
				CLANG_CXX_LIBRARY = "libc++";
				CLANG_ENABLE_MODULES = YES;
				CLANG_ENABLE_OBJC_ARC = YES;
				CLANG_WARN_BOOL_CONVERSION = YES;
				CLANG_WARN_CONSTANT_CONVERSION = YES;
				CLANG_WARN_DIRECT_OBJC_ISA_USAGE = YES_ERROR;
				CLANG_WARN_DOCUMENTATION_COMMENTS = YES;
				CLANG_WARN_EMPTY_BODY = YES;
				CLANG_WARN_ENUM_CONVERSION = YES;
				CLANG_WARN_INFINITE_RECURSION = YES;
				CLANG_WARN_INT_CONVERSION = YES;
				CLANG_WARN_OBJC_ROOT_CLASS = YES_ERROR;
				CLANG_WARN_SUSPICIOUS_MOVE = YES;
				CLANG_WARN_SUSPICIOUS_MOVES = YES;
				CLANG_WARN_UNREACHABLE_CODE = YES;
				CLANG_WARN__DUPLICATE_METHOD_MATCH = YES;
				"CODE_SIGN_IDENTITY[sdk=iphoneos*]" = "iPhone Developer";
				COPY_PHASE_STRIP = NO;
				DEBUG_INFORMATION_FORMAT = "dwarf-with-dsym";
				ENABLE_NS_ASSERTIONS = NO;
				ENABLE_STRICT_OBJC_MSGSEND = YES;
				GCC_C_LANGUAGE_STANDARD = gnu99;
				GCC_NO_COMMON_BLOCKS = YES;
				GCC_WARN_64_TO_32_BIT_CONVERSION = YES;
				GCC_WARN_ABOUT_RETURN_TYPE = YES_ERROR;
				GCC_WARN_UNDECLARED_SELECTOR = YES;
				GCC_WARN_UNINITIALIZED_AUTOS = YES_AGGRESSIVE;
				GCC_WARN_UNUSED_FUNCTION = YES;
				GCC_WARN_UNUSED_VARIABLE = YES;
				IPHONEOS_DEPLOYMENT_TARGET = 10.0;
				MTL_ENABLE_DEBUG_INFO = NO;
				SDKROOT = iphoneos;
				SWIFT_OPTIMIZATION_LEVEL = "-Owholemodule";
				TARGETED_DEVICE_FAMILY = "1,2";
				VALIDATE_PRODUCT = YES;
			};
			name = Release;
		};
		D13AF46A1DB55ADC003EDA01 /* Debug */ = {
			isa = XCBuildConfiguration;
			baseConfigurationReference = FB6845767C2FFFBA82320EBC /* Pods-Accent.debug.xcconfig */;
			buildSettings = {
				ASSETCATALOG_COMPILER_APPICON_NAME = AppIcon;
				INFOPLIST_FILE = Accent/Info.plist;
				LD_RUNPATH_SEARCH_PATHS = "$(inherited) @executable_path/Frameworks";
				PRODUCT_BUNDLE_IDENTIFIER = com.agadberr.Accent;
				PRODUCT_NAME = "$(TARGET_NAME)";
				SWIFT_VERSION = 3.0;
			};
			name = Debug;
		};
		D13AF46B1DB55ADC003EDA01 /* Release */ = {
			isa = XCBuildConfiguration;
			baseConfigurationReference = 2A13E628E7A25F5110DAA99D /* Pods-Accent.release.xcconfig */;
			buildSettings = {
				ASSETCATALOG_COMPILER_APPICON_NAME = AppIcon;
				INFOPLIST_FILE = Accent/Info.plist;
				LD_RUNPATH_SEARCH_PATHS = "$(inherited) @executable_path/Frameworks";
				PRODUCT_BUNDLE_IDENTIFIER = com.agadberr.Accent;
				PRODUCT_NAME = "$(TARGET_NAME)";
				SWIFT_VERSION = 3.0;
			};
			name = Release;
		};
/* End XCBuildConfiguration section */

/* Begin XCConfigurationList section */
		D13AF4521DB55ADC003EDA01 /* Build configuration list for PBXProject "Accent" */ = {
			isa = XCConfigurationList;
			buildConfigurations = (
				D13AF4671DB55ADC003EDA01 /* Debug */,
				D13AF4681DB55ADC003EDA01 /* Release */,
			);
			defaultConfigurationIsVisible = 0;
			defaultConfigurationName = Release;
		};
		D13AF4691DB55ADC003EDA01 /* Build configuration list for PBXNativeTarget "Accent" */ = {
			isa = XCConfigurationList;
			buildConfigurations = (
				D13AF46A1DB55ADC003EDA01 /* Debug */,
				D13AF46B1DB55ADC003EDA01 /* Release */,
			);
			defaultConfigurationIsVisible = 0;
			defaultConfigurationName = Release;
		};
/* End XCConfigurationList section */
	};
	rootObject = D13AF44F1DB55ADC003EDA01 /* Project object */;
}
